{
    "_meta": {
        "hash": {
            "sha256": "477f75f42873df6692248d50a7a3fdddc1b00e1ae77f58c941395dbe0cfabe6c"
        },
        "pipfile-spec": 6,
        "requires": {
            "python_full_version": "3.13.1",
            "python_version": "3.13"
        },
        "sources": [
            {
                "name": "pypi",
                "url": "https://pypi.org/simple",
                "verify_ssl": true
            }
        ]
    },
    "default": {
        "amqp": {
            "hashes": [
                "sha256:43b3319e1b4e7d1251833a93d672b4af1e40f3d632d479b98661a95f117880a2",
                "sha256:cddc00c725449522023bad949f70fff7b48f0b1ade74d170a6f10ab044739432"
            ],
            "markers": "python_version >= '3.6'",
            "version": "==5.3.1"
        },
        "asgiref": {
            "hashes": [
                "sha256:5f184dc43b7e763efe848065441eac62229c9f7b0475f41f80e207a114eda4ce",
                "sha256:e8667a091e69529631969fd45dc268fa79b99c92c5fcdda727757e52146ec133"
            ],
            "markers": "python_version >= '3.9'",
            "version": "==3.11.1"
        },
        "billiard": {
            "hashes": [
                "sha256:525b42bdec68d2b983347ac312f892db930858495db601b5836ac24e6477cde5",
                "sha256:55f542c371209e03cd5862299b74e52e4fbcba8250ba611ad94276b369b6a85f"
            ],
            "markers": "python_version >= '3.7'",
            "version": "==4.2.4"
        },
        "boto3": {
            "hashes": [
                "sha256:42942dde254673abcbc9e6e60017c88341a4f49d99d24e1f2e290fb38138c26f",
                "sha256:587d7ee92a12e440ad12b0e7f11f3358f0c4d65b19f64726efc94aaf194aff28"
            ],
            "index": "pypi",
            "markers": "python_version >= '3.10'",
            "version": "==1.43.36"
        },
        "botocore": {
            "hashes": [
                "sha256:3c65fdc39ed01d8dfde1e961b34038aed03c459f8ddf80717a12ac006475e49d",
                "sha256:4cae47d1b2d426316b85a0087d9e69e048f13bc003b5177d74639fe9dfd28205"
            ],
            "markers": "python_version >= '3.10'",
            "version": "==1.43.36"
        },
        "celery": {
            "hashes": [
                "sha256:0808f42f80909c4d5833202360ffafb2a4f83f4d8e23e1285d926610e9a7afa6",
                "sha256:177006bd2054b882e9f01be59abd8529e88879ef50d7918a7050c5a9f4e12912"
            ],
            "index": "pypi",
            "markers": "python_version >= '3.9'",
            "version": "==5.6.3"
        },
        "click": {
            "hashes": [
                "sha256:9a6cea6e60b17ebe0a44c5cc636d94f09bd66142c1cd7d8b4cd731c4917a15f6",
                "sha256:e6f9f66136c816745b9d65817da91d61d957fb16e02e4dcd0552553c5a197b76"
            ],
            "markers": "python_version >= '3.10'",
            "version": "==8.4.2"
        },
        "click-didyoumean": {
            "hashes": [
                "sha256:4f82fdff0dbe64ef8ab2279bd6aa3f6a99c3b28c05aa09cbfc07c9d7fbb5a463",
                "sha256:5c4bb6007cfea5f2fd6583a2fb6701a22a41eb98957e63d0fac41c10e7c3117c"
            ],
            "markers": "python_full_version >= '3.6.2'",
            "version": "==0.3.1"
        },
        "click-plugins": {
            "hashes": [
                "sha256:008d65743833ffc1f5417bf0e78e8d2c23aab04d9745ba817bd3e71b0feb6aa6",
                "sha256:d7af3984a99d243c131aa1a828331e7630f4a88a9741fd05c927b204bcf92261"
            ],
            "version": "==1.1.1.2"
        },
        "click-repl": {
            "hashes": [
                "sha256:17849c23dba3d667247dc4defe1757fff98694e90fe37474f3feebb69ced26a9",
                "sha256:fb7e06deb8da8de86180a33a9da97ac316751c094c6899382da7feeeeb51b812"
            ],
            "markers": "python_version >= '3.6'",
            "version": "==0.3.0"
        },
        "colorama": {
            "hashes": [
                "sha256:08695f5cb7ed6e0531a20572697297273c47b8cae5a63ffc6d6ed5c201be6e44",
                "sha256:4f1d9991f5acc0ca119f9d443620b77f9d6b33703e51011c16baf57afb285fc6"
            ],
            "markers": "python_version >= '2.7' and python_version not in '3.0, 3.1, 3.2, 3.3, 3.4, 3.5, 3.6'",
            "version": "==0.4.6"
        },
        "dj-database-url": {
            "hashes": [
                "sha256:544e015fee3efa5127a1eb1cca465f4ace578265b3671fe61d0ed7dbafb5ec8a",
                "sha256:63c20e4bbaa51690dfd4c8d189521f6bf6bc9da9fcdb23d95d2ee8ee87f9ec62"
            ],
            "index": "pypi",
            "markers": "python_version >= '3.10'",
            "version": "==3.1.2"
        },
        "django": {
            "hashes": [
                "sha256:25148b1194c47c2e685e5f5e9c5d59c78b075dfd282cb9618861ba6c1708f4d2",
                "sha256:ad03916ba59523d781ae5c3f631960c23d69a9d9c43cecda52fc23b47e953713"
            ],
            "index": "pypi",
            "markers": "python_version >= '3.12'",
            "version": "==6.0.6"
        },
        "django-cors-headers": {
            "hashes": [
                "sha256:15c7f20727f90044dcee2216a9fd7303741a864865f0c3657e28b7056f61b449",
                "sha256:fe5d7cb59fdc2c8c646ce84b727ac2bca8912a247e6e68e1fb507372178e59e8"
            ],
            "index": "pypi",
            "markers": "python_version >= '3.9'",
            "version": "==4.9.0"
        },
        "django-filter": {
            "hashes": [
                "sha256:760e984a931f4468d096f5541787efb8998c61217b73006163bf2f9523fe8f23",
                "sha256:9c0f8609057309bba611062fe1b720b4a873652541192d232dd28970383633e3"
            ],
            "markers": "python_version >= '3.10'",
            "version": "==25.2"
        },
        "django-redis": {
            "hashes": [
                "sha256:4b23aa6e0cd0937bb1242e9a463809e6004de3ca2150f34e986306bb6220d688",
                "sha256:e48491c862f4350b0747ceb1016700686fb93c4f4e0fb9c490fe6c6658ffd933"
            ],
            "index": "pypi",
            "markers": "python_version >= '3.10'",
            "version": "==7.0.0"
        },
        "django-tenants": {
            "hashes": [
                "sha256:01b4fb6754ac1e77d7f6a21f43b92149fecbdf7ea9dd91d73ec9c43e11967c40",
                "sha256:cf3ea79a23a6df8db3ed24d4220a1c037749e6070a36864f5f9d50550c2a4fa7"
            ],
            "index": "pypi",
            "markers": "python_version >= '3.10'",
            "version": "==3.10.1"
        },
        "djangorestframework": {
            "hashes": [
                "sha256:a6def5f447fe78ff853bff1d47a3c59bf38f5434b031780b351b0c73a62db1a5",
                "sha256:c3c74dd3e83a5a3efc37b3c18d92bd6f86a6791c7b7d4dff62bb068500e76457"
            ],
            "index": "pypi",
            "markers": "python_version >= '3.10'",
            "version": "==3.17.1"
        },
        "djangorestframework-gis": {
            "hashes": [
                "sha256:649ad0cb361dd85f2113b1796248eb2b198a01fa3d64c5e486106224c0ad51fd",
                "sha256:73acb51918b18e484407c0fff61aca11a1f5a216fa694bc4c0c734b7097ecc77"
            ],
            "index": "pypi",
            "version": "==1.2.1"
        },
        "djangorestframework-simplejwt": {
            "hashes": [
                "sha256:2c30f3707053d384e9f315d11c2daccfcb548d4faa453111ca19a542b732e469",
                "sha256:e72c5572f51d7803021288e2057afcbd03f17fe11d484096f40a460abc76e87f"
            ],
            "index": "pypi",
            "markers": "python_version >= '3.9'",
            "version": "==5.5.1"
        },
        "gunicorn": {
            "hashes": [
                "sha256:40233d26a5f0d1872916188c276e21641155111c2853f0c2cd55260aec0d24fc",
                "sha256:ca9346f85e3a4aeeb64d491045c16b9a35647abd37ea15efe53080eb8b090baf"
            ],
            "index": "pypi",
            "markers": "python_version >= '3.10'",
            "version": "==26.0.0"
        },
        "jmespath": {
            "hashes": [
                "sha256:472c87d80f36026ae83c6ddd0f1d05d4e510134ed462851fd5f754c8c3cbb88d",
                "sha256:a5663118de4908c91729bea0acadca56526eb2698e83de10cd116ae0f4e97c64"
            ],
            "markers": "python_version >= '3.9'",
            "version": "==1.1.0"
        },
        "kombu": {
            "hashes": [
                "sha256:8060497058066c6f5aed7c26d7cd0d3b574990b09de842a8c5aaed0b92cc5a55",
                "sha256:efcfc559da324d41d61ca311b0c64965ea35b4c55cc04ee36e55386145dace93"
            ],
            "markers": "python_version >= '3.9'",
            "version": "==5.6.2"
        },
        "numpy": {
            "hashes": [
                "sha256:016623417bb330d719d579daf2d6b9a01ddc52e41a9ed61a47f39fde46dcd865",
                "sha256:0b525be4744b60bb0557ac872d53ef07d085b5f39622bc579c98d3809d05b988",
                "sha256:126b88d95e8ff9b00c9e717aa540469f21d6180162f84c0caec51b16215d49cd",
                "sha256:146b81cdd3967fdb6beca8ba25f00c58741d8f3cbd797f55af0fbe0bfec3469c",
                "sha256:1a7569a7b53c77716f036bb28cb1c91f166a26ec7d9502cd1e4bdfe502fdec22",
                "sha256:1c0121101093d2bd74981b10f8837d78e794a8ff57834eb27179f49e1ba11ac6",
                "sha256:22f3d43e362d650bc39db1f17851302874a148ca95ba6981c1dfb5fa6862f35b",
                "sha256:243563efb4cd7528a264567e9fd206c87826457322521d06206a00bfa316c927",
                "sha256:28e7137057d551e4a83c4ae414e3451f50568409db7569aacc7f9811ee06a446",
                "sha256:3893adc2dc7c0412ba76777db55a049215d99c9aa3113003be8f49f4f1290ab9",
                "sha256:39a0433bd4086ebd462960cf375e19195bb07b53dc1d87dd5fcf47ad78576f03",
                "sha256:3b94d0d0deceebfad3e67ae5c0e5eb87371e8f7a0581cd04a779928c2450cf1e",
                "sha256:44353e2878930039db472b99dc353d749826e4010bd4d2a7f835e94a97a5c748",
                "sha256:489780423903667933b4ed6197b6ec3b75ea5dd17d1d8f0f38d798feb6921561",
                "sha256:48f54b00711f83a5f796b70c518e8c2b3c5848dda03a54911f23eb68519b9b60",
                "sha256:520e6b8be0a4b65840ac8090d4f51cef4bed66e2b0894d5a520f099adc24a9b2",
                "sha256:5a129578019311b6e56bdd714250f19b518f7dceeeb8d1af5490f4942d3f891c",
                "sha256:5dc71423499fab3f46f7a7201155ade1669ea101f2f429d332df9e72f8161731",
                "sha256:6206db0af545d73d068add6d992279145f158428d1da6cc49adc4b630c5d6ee5",
                "sha256:694d8f74e156f7fd01179f1aa8faa2f648ab6ae0f70b6c3fe57a03249aea2303",
                "sha256:6f2d6873e2940c860a309d21e25b1e69af6aaffdd80aa056b04c16380db1c4f2",
                "sha256:6f9836778081a0a3c02a6a21493f3e9f5b311f8d2541934f31f05583dc999ea4",
                "sha256:7174ce8265fc7f7417d171c9ea8fe905220748893ea67a2a7abe726ec331c4b0",
                "sha256:750fb097caf26fa878746d9d119f6f9da12dedcbff1eea966c3e3447647c4a9e",
                "sha256:835e454dd99b238cdc5a3f63bce2371296f5ebc53ca1e0f8e6ddbb6d92a29aab",
                "sha256:84881d825ca75249b189bbee875fcfe3238aa5c479e6100893cda566e8e86826",
                "sha256:929f0c79ac38bcbd7154fe631dc907abfeddbcc5027a896bd1f7767323271e7a",
                "sha256:9990713e9c38154c6861e7547f1e3fc7a87e75ff09bab24ef1cc81d81c2835e9",
                "sha256:a1a4874217b36d5ac8fc876f52e39df56f8182c88463e9e2dceabf7ca8b7efb8",
                "sha256:a55e1eb2bca2cfd17a16b213c99dfc8502d47b0d494224d2122277d0400935ca",
                "sha256:aaa760137137e8d3c920d27927748215b56014f92667dc9b6c27dfc61249255a",
                "sha256:b8c3daaf99de52415d20b42f8e8155c78642cb04207d02f9d317a0dcf1b3fb54",
                "sha256:bf80333980bf37f523341ddd72c783f39d6829ec7736b9eb99086388a2d52cc2",
                "sha256:c83b664b0e6eee9594fa920cf0639d8af796606d3fad6cc70180c87e4b97c7be",
                "sha256:cc4f247a47bbf070bfd70be53ccdcf47b800af563535e7bbe172322197c30e21",
                "sha256:cda12aa4779d42b8771180aba759c96f527d43446d8f380ab59e2b35e8489efd",
                "sha256:d371c92cfa09da00022f501ab67fafaea813d752eb30ac44336d45b1e5b0268a",
                "sha256:d4313cef1594c5ce46c31b6e54e918338f63f16ee9322304e8c9114d6d81c8bd",
                "sha256:e1da54b53e75cd9fcfc23efcc7edab2c6aecf97b6037566d8a0fe804af8ec57c",
                "sha256:ebb81d9d5443e0309d6c54894c3fbed74ad7da0714352a67b6d773cd189eae73",
                "sha256:ece55976ced6bca95a03ae2839e2e5ccffe8eb6a3e7022415645eb154a81e4e6",
                "sha256:edadfbd4794b1086c0d822f81863e8a68fc129d132fd0bb9e31e955d7fbbbdb7",
                "sha256:f27582c55ba4c750b7c58c8faf021d2cd9324a662b466229db8a417b41368af9",
                "sha256:f7e5fa4382967ae6548bd2f174219afb908e294b0d5f625af01166edd5f7d9aa"
            ],
            "markers": "python_version >= '3.12'",
            "version": "==2.5.0"
        },
        "packaging": {
            "hashes": [
                "sha256:5fc45236b9446107ff2415ce77c807cee2862cb6fac22b8a73826d0693b0980e",
                "sha256:ff452ff5a3e828ce110190feff1178bb1f2ea2281fa2075aadb987c2fb221661"
            ],
            "markers": "python_version >= '3.8'",
            "version": "==26.2"
        },
        "pandas": {
            "hashes": [
                "sha256:02a8c70e5a304947a802551b8ddb38fe83d9c528395a361609fddcccb7cf8003",
                "sha256:0f22242de864ca997028520e28b5dcdd440443ad239395bdabcb6124ed009067",
                "sha256:14d274e00885373c879042dd3bd3dd27bfea6edef993f23644ed8a20468a7471",
                "sha256:25d9ba5ad021e7bd50c674f528e31f15dc22e28c9dfa50bd4cdbdd3a4f5f1902",
                "sha256:26451dd26dcfa2e9f5172cb9c6d8213cebfc9130fc7a1844e11e642ffa458b54",
                "sha256:2a32675e6e7641effa300e58040609107f6e976bb0783b0264556358df64db58",
                "sha256:2bef5bf689a9f0d21ca83436f74c061ba52f426a689d2f8028e2e3d9ac0a8d05",
                "sha256:337be3b93ca7e0db3ec25edc769ebb74a8702427edeb345ee6ebe3e3080c6350",
                "sha256:453c9e65d0ea8f1ff00d0d5dd2a2612df9ead3ac1baaf55b81e18a01a7a56846",
                "sha256:45751e5d456788ca891167c6456fb5e373ad72aa82a949c9635b63e215940181",
                "sha256:5065f02eb94b947ff2610bba2b0c1a74fd67ca10fde0686b12adfc36e61d11d3",
                "sha256:58a0b88e5f6c46974ba110c2cef6b8714aaea57f9f26d55ab5361de662b28165",
                "sha256:5c912d80243e4563934f34acc41cfad1a08d7af1b40597492cc6b5e6ba311404",
                "sha256:5f9538b9d13b974a3a7d40c23b8d66f41114ceffe6c586f38efb8ed71d778caa",
                "sha256:62f6062586d159663825f06e70ef49cd1572d45824cb63a9559f3ffd1d0d2a20",
                "sha256:63468a898ba7b54280fc6db21833cf99b9b62b2b54b5d5d10b5ab813ce100fbf",
                "sha256:6afa70bd5a24cedf0c983d888f7d48c3ca1bc5fc095d38a3e6277e85f9bd4ab3",
                "sha256:6b6797a68ccb1391ec7b7873681b23317dd4cfbd45228aadc0b837fdff02170d",
                "sha256:6f482730bc2ec12b53c6205190deb195275495b4871bc1a2036beb91a7c97aee",
                "sha256:833232f7a694cb841a2fd8b309ca655e24dcac2ae3e1959efed97d573499b389",
                "sha256:87d6be6820c5c2b3c41d30f2c8387aac10e842af7d43dd9c3c22f2ce0a4c4176",
                "sha256:9b1a5e49e5fa13d002e1b237af4ab57f91f535cc6f6ca9225a366b2ce6241d99",
                "sha256:a1ae9e815bb61e0a85227aec3db22ba5502a4192df4918c115a772960e6ba606",
                "sha256:a477e4b7f3d18d63b5131e7a5faea3f2f8d7153f493cb145e552ba52c904ab2e",
                "sha256:a79a6401beed48057b9101d7e722d3d0af80e570b578438da6c7de4a10cc3a29",
                "sha256:aaa9760a86a77a2586807a72f64748b312b95c37135ae9932cd65fe859507377",
                "sha256:ab8b23bf3ea0fe4337d115389d800896583854694b4c0b2de08e19c81f70140f",
                "sha256:b3543e828bbd8d6ebe98b6a4268f57edc6bd945561fd08abfd29021bd5dc23ff",
                "sha256:b9624cceb273c8f97d16c518f0cbf362d12edbdbb4ed46712eb2def2f7ed7de1",
                "sha256:ba4acbe620c3888ffc561d278ba5a67f30fa9d2aba92052fbee9c951938110fc",
                "sha256:bcf15e8c8cbe4d1bb7b9c3f243ddb96123bbeb4585a40bad4c22dd673620a3c0",
                "sha256:bf867a8fe99499762626adbda73759b0378add0d13a58044ee668ba2d5df92f9",
                "sha256:c423500b3f0118c2d02b5a76ade4c57f3a13b9c9cecf04599bf983ba247cebaa",
                "sha256:ca9c1332eb5b69027fa1a73125e5b35fae26aea8c64a716a1924261070b0b859",
                "sha256:cadb8f48ada5de3feaa735577af15f0874cd5498d6875cf17989d97d4bc2e926",
                "sha256:ccdf354cddecbf0d763ab5a21d0d698440154c5ed6f2c43643c5f528e5c184a7",
                "sha256:d7ddfd571e26846b568d6e08065002046b54ffd4e81c51a61520f3040c677431",
                "sha256:dc827bff97d448ced1a8d9b4055486cadd97b6ac52c3eb3e1dd154f49d869be1",
                "sha256:dce7eca7e5adc4cc79bc28435e6111474772c14c11f4a742ea0041e23fff7d73",
                "sha256:e9c0eb4036cbf4110af16c5593191c51c1803752c7645f8f74b3a922a1027f42",
                "sha256:f660473c1e7a7ea7155214f89047b83ac0db6ebe7fab4d5a463f881307162d8c",
                "sha256:fa604623167246500d962d109df5c5b953955afb637f0dd14d9500ab191dbce7"
            ],
            "index": "pypi",
            "markers": "python_version >= '3.11'",
            "version": "==3.0.4"
        },
        "prompt-toolkit": {
            "hashes": [
                "sha256:28cde192929c8e7321de85de1ddbe736f1375148b02f2e17edd840042b1be855",
                "sha256:9aac639a3bbd33284347de5ad8d68ecc044b91a762dc39b7c21095fcd6a19955"
            ],
            "markers": "python_version >= '3.8'",
            "version": "==3.0.52"
        },
        "psycopg2-binary": {
            "hashes": [
                "sha256:00814e40fa23c2b37ef0a1e3c749d89982c73a9cb5046137f0752a22d432e82f",
                "sha256:049366c6d884bdcd65d66e6ca1fdbebe670b56c6c9ba46f164e6667e90881964",
                "sha256:0dc9228d47c46bda253d2ecd6bb93b56a9f2d7ad33b684a1fa3622bf74ffe30c",
                "sha256:1006fb62f0f0bc5ce256a832356c6262e91be43f5e4eb15b5eaf38079464caf2",
                "sha256:127467c6e476dd876634f17c3d870530e73ff454ff99bff73d36e80af28e1115",
                "sha256:1c8ad4c08e00f7679559eaed7aff1edfffc60c086b976f93972f686384a95e2c",
                "sha256:29d4d134bd0ab46ffb04e94aa3c5fa3ef582e9026609165e2f758ff76fc3a3be",
                "sha256:3471336e1acfd9c7fe507b8bad5af9317b6a89294f9eb37bd9a030bb7bebcdc6",
                "sha256:36512911ebb2b60a0c3e44d0bb5048c1980aced91235d133b7874f3d1d93487c",
                "sha256:398fcd4db988c7d7d3713e2b8e18939776fd3fb447052daae4f24fa39daede4c",
                "sha256:3d999bd982a723113c1a45b55a7a6a90d64d0ed2278020ed625c490ff7bef96c",
                "sha256:40e7b28b63aaf737cb3a1edc3a9bbc9a9f4ad3dcb7152e8c1130e4050eddcb7d",
                "sha256:411e85815652d13560fbe731878daa5d92378c4995a22302071890ec3397d019",
                "sha256:4413d0caef93c5cf50b96863df4c2efe8c269bf2267df353225595e7e15e8df7",
                "sha256:4766ab678563054d3f1d064a4db19cc4b5f9e3a8d9018592a8285cf200c248f3",
                "sha256:4dfcf8e45ebb0c663be34a3442f65e17311f3367089cd4e5e3a3e8e62c978777",
                "sha256:527e6342b3e44c2f0544f6b8e927d60de7f163f5723b8f1dfa7d2a84298738cd",
                "sha256:54a0dfecab1b48731f934e06139dfe11e24219fb6d0ceb32177cf0375f14c7b5",
                "sha256:5a0253224780c978746cb9be55a946bcdaf40fe3519c0f622924cdabdafe2c39",
                "sha256:5ac9444edc768c02a6b6a591f070b8aae28ff3a99be57560ac996001580f294c",
                "sha256:5c7cb4cbf894a1d36c720d713de507952c7c58f66d30834708f03dbe5c822ccf",
                "sha256:5c8ce6c61bd1b1f6b9c24ee32211599f6166af2c55abb19456090a21fd16554b",
                "sha256:5cdc05117180c5fa9c40eea8ea559ce64d73824c39d928b7da9fb5f6a9392433",
                "sha256:612b965daee295ae2da8f8218ce1d274645dc76ef3f1abf6a0a94fd57eff876d",
                "sha256:63a3ebbd543d3d1eda088ac99164e8c5bac15293ee91f20281fd17d050aee1c4",
                "sha256:66a7685d7e548f10fb4ce32fb01a7b7f4aa702134de92a292c7bd9e0d3dbd290",
                "sha256:6f3b3de8a74ef8db215f22edffb19e32dc6fa41340456de7ec99efdc8a7b3ec2",
                "sha256:6f9cae1f848779b5b01f417e762c40d026ea93eb0648249a604728cda991dde3",
                "sha256:718e1fc18edf573b02cb8aea868de8d8d33f99ce9620206aa9144b67b0985e94",
                "sha256:77b348775efd4cdab410ec6609d81ccecd1139c90265fa583a7255c8064bc03d",
                "sha256:7af18183109e23502c8b2ae7f6926c0882766f35b5175a4cd737ad825e4d7a1b",
                "sha256:7c729a73c7b1b84de3582f73cdd27d905121dc2c531f3d9a3c32a3011033b965",
                "sha256:83946ba43979ebfdc99a3cd0ee775c89f221df026984ba19d46133d8d75d3cd9",
                "sha256:840066105706cd2eb29b9a1c2329620056582a4bf3e8169dec5c447042d0869f",
                "sha256:863f5d12241ebe1c76a72a04c2113b6dc905f90b9cef0e9be0efd994affd9354",
                "sha256:864c261b3690e1207d14bbfe0a61e27567981b80c47a778561e49f676f7ce433",
                "sha256:89d19a9f7899e8eb0656a2b3a08e0da04c720a06db6e0033eab5928aabe60fa9",
                "sha256:8ffdb59fe88f99589e34354a130217aa1fd2d615612402d6edc8b3dbc7a44463",
                "sha256:96937c9c5d891f772430f418a7a8b4691a90c3e6b93cf72b5bd7cad8cbca32a5",
                "sha256:98062447aebc20ed20add1f547a364fd0ef8933640d5372ff1873f8deb9b61be",
                "sha256:995ce929eede89db6254b50827e2b7fd61e50d11f0b116b29fffe4a2e53c4580",
                "sha256:9b818ceff717f98851a64bffd4c5eb5b3059ae280276dcecc52ac658dcf006a4",
                "sha256:9fe06d93e72f1c048e731a2e3e7854a5bfaa58fc736068df90b352cefe66f03f",
                "sha256:a46fe069b65255df410f856d842bc235f90e22ffdf532dda625fd4213d3fd9b1",
                "sha256:a7e39a65b7d2a20e4ba2e0aaad1960b61cc2888d6ab047769f8347bd3c9ad915",
                "sha256:a99eaab34a9010f1a086b126de467466620a750634d114d20455f3a824aae033",
                "sha256:ab29414b25dcb698bf26bf213e3348abdcd07bbd5de032a5bec15bd75b298b03",
                "sha256:ace94261f43850e9e79f6c56636c5e0147978ab79eda5e5e5ebf13ae146fc8fe",
                "sha256:b4a9eaa6e7f4ff91bec10aa3fb296878e75187bced5cc4bafe17dc40915e1326",
                "sha256:b6937f5fe4e180aeee87de907a2fa982ded6f7f15d7218f78a083e4e1d68f2a0",
                "sha256:b9a339b79d37c1b45f3235265f07cdeb0cb5ad7acd2ac7720a5920989c17c24e",
                "sha256:ba3df2fc42a1cfa45b72cf096d4acb2b885937eedc61461081d53538d4a82a86",
                "sha256:c41321a14dd74aceb6a9a643b9253a334521babfa763fa873e33d89cfa122fb5",
                "sha256:c5ee5213445dd45312459029b8c4c0a695461eb517b753d2582315bd07995f5e",
                "sha256:c6528cefc8e50fcc6f4a107e27a672058b36cc5736d665476aeb413ba88dbb06",
                "sha256:cb4a1dacdd48077150dc762a9e5ddbf32c256d66cb46f80839391aa458774936",
                "sha256:cfa2517c94ea3af6deb46f81e1bbd884faa63e28481eb2f889989dd8d95e5f03",
                "sha256:d2fa0d7caca8635c56e373055094eeda3208d901d55dd0ff5abc1d4e47f82b56",
                "sha256:d3227a3bc228c10d21011a99245edca923e4e8bf461857e869a507d9a41fe9f6",
                "sha256:d6fcbba8c9fed08a73b8ac61ea79e4821e45b1e92bb466230c5e746bbf3d5256",
                "sha256:e4e184b1fb6072bf05388aa41c697e1b2d01b3473f107e7ec44f186a32cfd0b8",
                "sha256:ee2d84ef5eb6c04702d2e9c372ad557fb027f26a5d82804f749dfb14c7fdd2ab",
                "sha256:f12ae41fcafadb39b2785e64a40f9db05d6de2ac114077457e0e7c597f3af980",
                "sha256:f625abb7020e4af3432d95342daa1aa0db3fa369eed19807aa596367ba791b10",
                "sha256:f921f3cd87035ef7df233383011d7a53ea1d346224752c1385f1edfd790ceb6a",
                "sha256:fb1828cf3da68f99e45ebce1355d65d2d12b6a78fb5dfb16247aad6bdef5f5d2",
                "sha256:ffdd7dc5463ccd61845ac37b7012d0f35a1548df9febe14f8dd549be4a0bc81e"
            ],
            "index": "pypi",
            "markers": "python_version >= '3.9'",
            "version": "==2.9.12"
        },
        "pyjwt": {
            "hashes": [
                "sha256:41571c89ca91598c79e8ef18a2d07367d4810fbbd6f637794879baf1b7703423",
                "sha256:66adcc2aff09b3f1bbd95fc1e1577df8ac8723c978552fd43304c8a290ac5728"
            ],
            "markers": "python_version >= '3.9'",
            "version": "==2.13.0"
        },
        "python-dateutil": {
            "hashes": [
                "sha256:37dd54208da7e1cd875388217d5e00ebd4179249f90fb72437e91a35459a0ad3",
                "sha256:a8b2bc7bffae282281c8140a97d3aa9c14da0b136dfe83f850eea9a5f7470427"
            ],
            "markers": "python_version >= '2.7' and python_version not in '3.0, 3.1, 3.2'",
            "version": "==2.9.0.post0"
        },
        "python-decouple": {
            "hashes": [
                "sha256:ba6e2657d4f376ecc46f77a3a615e058d93ba5e465c01bbe57289bfb7cce680f",
                "sha256:d0d45340815b25f4de59c974b855bb38d03151d81b037d9e3f463b0c9f8cbd66"
            ],
            "index": "pypi",
            "version": "==3.8"
        },
        "redis": {
            "hashes": [
                "sha256:47daa35a058c23468d6437f17a8c76882cb316b838ef763036af99b96cedd743",
                "sha256:afc5a7a2f5a084f5b1880dec548dd45be17db7e43c82a30d84f952aefb05cfb0"
            ],
            "index": "pypi",
            "markers": "python_version >= '3.10'",
            "version": "==8.0.1"
        },
        "s3transfer": {
            "hashes": [
                "sha256:777cc2415536f1debadb5c2ef7779275d0fc0fe0e042411cdd6caebeb2685262",
                "sha256:ce436931687addc4c1712d52d40b32f53e88315723f107ffa20ba82b05a0f685"
            ],
            "markers": "python_version >= '3.10'",
            "version": "==0.19.0"
        },
        "six": {
            "hashes": [
                "sha256:4721f391ed90541fddacab5acf947aa0d3dc7d27b2e1e8eda2be8970586c3274",
                "sha256:ff70335d468e7eb6ec65b95b99d3a2836546063f63acc5171de367e834932a81"
            ],
            "markers": "python_version >= '2.7' and python_version not in '3.0, 3.1, 3.2'",
            "version": "==1.17.0"
        },
        "sqlparse": {
            "hashes": [
                "sha256:12a08b3bf3eec877c519589833aed092e2444e68240a3577e8e26148acc7b1ba",
                "sha256:e20d4a9b0b8585fdf63b10d30066c7c94c5d7a7ec47c889a2d83a3caa93ff28e"
            ],
            "markers": "python_version >= '3.8'",
            "version": "==0.5.5"
        },
        "tzdata": {
            "hashes": [
                "sha256:9173fde7d80d9018e02a662e168e5a2d04f87c41ea174b139fbef642eda62d10",
                "sha256:bbe9af844f658da81a5f95019480da3a89415801f6cc966806612cc7169bffe7"
            ],
            "markers": "python_version >= '2'",
            "version": "==2026.2"
        },
        "tzlocal": {
            "hashes": [
                "sha256:8dbb8660838688a7b6ba4fed31d18dedf842afb4d47ca050d6d891c2c15f3be4",
                "sha256:aae09f0126a8a86fa736be266eb4a471380d26a0de3bc14844e7821fee3e2a15"
            ],
            "markers": "python_version >= '3.10'",
            "version": "==5.4.4"
        },
        "urllib3": {
            "hashes": [
                "sha256:231e0ec3b63ceb14667c67be60f2f2c40a518cb38b03af60abc813da26505f4c",
                "sha256:9fb4c81ebbb1ce9531cce37674bbc6f1360472bc18ca9a553ede278ef7276897"
            ],
            "markers": "python_version >= '3.10'",
            "version": "==2.7.0"
        },
        "vine": {
            "hashes": [
                "sha256:40fdf3c48b2cfe1c38a49e9ae2da6fda88e4794c810050a728bd7413811fb1dc",
                "sha256:8b62e981d35c41049211cf62a0a1242d8c1ee9bd15bb196ce38aefd6799e61e0"
            ],
            "markers": "python_version >= '3.6'",
            "version": "==5.1.0"
        },
        "wcwidth": {
            "hashes": [
                "sha256:f453740b1e4a4f3291faa37944c555d71056c4da08d59809b307ef4feba695c8",
                "sha256:faf5b4a5366a72dc49cad48cdf21f52bdf63bdda995178e483ba247ff79089b9"
            ],
            "markers": "python_version >= '3.8'",
            "version": "==0.8.1"
        }
    },
    "develop": {}
}
